
Microsoft Visual Studio Solution File, Format Version 12.00
# Visual Studio Version 16
VisualStudioVersion = 16.0.31402.337
MinimumVisualStudioVersion = 10.0.40219.1
Project("{8BC9CEB8-8B4A-11D0-8D11-00A0C91BC942}") = "numberform", "numberform\numberform.vcxproj", "{3658DBF0-33BF-4858-A7C9-2C8F06423D81}"
EndProject
Global
	GlobalSection(SolutionConfigurationPlatforms) = preSolution
		Debug|x64 = Debug|x64
		Debug|x86 = Debug|x86
		Release|x64 = Release|x64
		Release|x86 = Release|x86
	EndGlobalSection
	GlobalSection(ProjectConfigurationPlatforms) = postSolution
		{3658DBF0-33BF-4858-A7C9-2C8F06423D81}.Debug|x64.ActiveCfg = Debug|x64
		{3658DBF0-33BF-4858-A7C9-2C8F06423D81}.Debug|x64.Build.0 = Debug|x64
		{3658DBF0-33BF-4858-A7C9-2C8F06423D81}.Debug|x86.ActiveCfg = Debug|Win32
		{3658DBF0-33BF-4858-A7C9-2C8F06423D81}.Debug|x86.Build.0 = Debug|Win32
		{3658DBF0-33BF-4858-A7C9-2C8F06423D81}.Release|x64.ActiveCfg = Release|x64
		{3658DBF0-33BF-4858-A7C9-2C8F06423D81}.Release|x64.Build.0 = Release|x64
		{3658DBF0-33BF-4858-A7C9-2C8F06423D81}.Release|x86.ActiveCfg = Release|Win32
		{3658DBF0-33BF-4858-A7C9-2C8F06423D81}.Release|x86.Build.0 = Release|Win32
	EndGlobalSection
	GlobalSection(SolutionProperties) = preSolution
		HideSolutionNode = FALSE
	EndGlobalSection
	GlobalSection(ExtensibilityGlobals) = postSolution
		SolutionGuid = {077A4CE3-8F9B-433D-9572-B9A625A58324}
	EndGlobalSection
EndGlobal
